# This file is automatically @generated by Cargo.
# It is not intended for manual editing.
version = 4

[[package]]
name = "chill65-asm"
version = "0.1.0"

[[package]]
name = "chill65-diff"
version = "0.1.0"
dependencies = [
 "chill65-runtime",
]

[[package]]
name = "chill65-native"
version = "0.1.0"
dependencies = [
 "chill65-asm",
 "chill65-diff",
 "chill65-runtime",
]

[[package]]
name = "chill65-runtime"
version = "0.1.0"
dependencies = [
 "chill65-asm",
]

[[package]]
name = "chill65-wasm"
version = "0.1.0"
dependencies = [
 "chill65-native",
 "chill65-runtime",
]
